
Microsoft Visual Studio Solution File, Format Version 12.00
# Visual Studio 15
VisualStudioVersion = 15.0.26124.0
MinimumVisualStudioVersion = 15.0.26124.0
Project("{2150E333-8FDC-42A3-9474-1A3956D46DE8}") = "src", "src", "{17A25D83-48B6-4357-B02C-BB94BD73A513}"
EndProject
Project("{F2A71F9B-5D33-465A-A702-920D77279786}") = "day_1", "src\day_1\day_1.fsproj", "{D28203EA-F8F2-4FE2-AFBB-B654C87D42C5}"
EndProject
Project("{F2A71F9B-5D33-465A-A702-920D77279786}") = "day2", "src\day2\day2.fsproj", "{54C03835-CB1D-4145-B293-34C642DD976A}"
EndProject
Project("{F2A71F9B-5D33-465A-A702-920D77279786}") = "day_3", "src\day_3\day_3.fsproj", "{7E94D2E7-58E2-42CD-93C2-0E8110AB6840}"
EndProject
Project("{F2A71F9B-5D33-465A-A702-920D77279786}") = "day_4", "src\day_4\day_4.fsproj", "{5534436A-8A7B-470E-829F-7A426AA4563E}"
EndProject
Project("{F2A71F9B-5D33-465A-A702-920D77279786}") = "day_5", "src\day_5\day_5.fsproj", "{39C14987-D3E2-4785-93CF-DE93F3446DDA}"
EndProject
Project("{F2A71F9B-5D33-465A-A702-920D77279786}") = "day_6", "src\day_6\day_6.fsproj", "{2277C300-E20F-4065-83C4-00F2A06999E9}"
EndProject
Project("{F2A71F9B-5D33-465A-A702-920D77279786}") = "day_7", "src\day_7\day_7.fsproj", "{69CBE8E9-560E-48A5-998C-C97A6C064D91}"
EndProject
Project("{F2A71F9B-5D33-465A-A702-920D77279786}") = "day_8", "src\day_8\day_8.fsproj", "{E5ACC2A0-730E-4ED5-B38F-46026CB00359}"
EndProject
Project("{F2A71F9B-5D33-465A-A702-920D77279786}") = "day_9", "src\day_9\day_9.fsproj", "{25617663-DCCD-467C-830A-7728595BC9D2}"
EndProject
Project("{F2A71F9B-5D33-465A-A702-920D77279786}") = "day_10", "src\day_10\day_10.fsproj", "{F78D9B18-33E6-4563-B82F-634B20091356}"
EndProject
Project("{F2A71F9B-5D33-465A-A702-920D77279786}") = "day_12", "src\day_12\day_12.fsproj", "{7E26F397-4B79-44C4-B562-3437A5A5983E}"
EndProject
Global
	GlobalSection(SolutionConfigurationPlatforms) = preSolution
		Debug|Any CPU = Debug|Any CPU
		Debug|x64 = Debug|x64
		Debug|x86 = Debug|x86
		Release|Any CPU = Release|Any CPU
		Release|x64 = Release|x64
		Release|x86 = Release|x86
	EndGlobalSection
	GlobalSection(SolutionProperties) = preSolution
		HideSolutionNode = FALSE
	EndGlobalSection
	GlobalSection(ProjectConfigurationPlatforms) = postSolution
		{D28203EA-F8F2-4FE2-AFBB-B654C87D42C5}.Debug|Any CPU.ActiveCfg = Debug|Any CPU
		{D28203EA-F8F2-4FE2-AFBB-B654C87D42C5}.Debug|Any CPU.Build.0 = Debug|Any CPU
		{D28203EA-F8F2-4FE2-AFBB-B654C87D42C5}.Debug|x64.ActiveCfg = Debug|Any CPU
		{D28203EA-F8F2-4FE2-AFBB-B654C87D42C5}.Debug|x64.Build.0 = Debug|Any CPU
		{D28203EA-F8F2-4FE2-AFBB-B654C87D42C5}.Debug|x86.ActiveCfg = Debug|Any CPU
		{D28203EA-F8F2-4FE2-AFBB-B654C87D42C5}.Debug|x86.Build.0 = Debug|Any CPU
		{D28203EA-F8F2-4FE2-AFBB-B654C87D42C5}.Release|Any CPU.ActiveCfg = Release|Any CPU
		{D28203EA-F8F2-4FE2-AFBB-B654C87D42C5}.Release|Any CPU.Build.0 = Release|Any CPU
		{D28203EA-F8F2-4FE2-AFBB-B654C87D42C5}.Release|x64.ActiveCfg = Release|Any CPU
		{D28203EA-F8F2-4FE2-AFBB-B654C87D42C5}.Release|x64.Build.0 = Release|Any CPU
		{D28203EA-F8F2-4FE2-AFBB-B654C87D42C5}.Release|x86.ActiveCfg = Release|Any CPU
		{D28203EA-F8F2-4FE2-AFBB-B654C87D42C5}.Release|x86.Build.0 = Release|Any CPU
		{54C03835-CB1D-4145-B293-34C642DD976A}.Debug|Any CPU.ActiveCfg = Debug|Any CPU
		{54C03835-CB1D-4145-B293-34C642DD976A}.Debug|Any CPU.Build.0 = Debug|Any CPU
		{54C03835-CB1D-4145-B293-34C642DD976A}.Debug|x64.ActiveCfg = Debug|Any CPU
		{54C03835-CB1D-4145-B293-34C642DD976A}.Debug|x64.Build.0 = Debug|Any CPU
		{54C03835-CB1D-4145-B293-34C642DD976A}.Debug|x86.ActiveCfg = Debug|Any CPU
		{54C03835-CB1D-4145-B293-34C642DD976A}.Debug|x86.Build.0 = Debug|Any CPU
		{54C03835-CB1D-4145-B293-34C642DD976A}.Release|Any CPU.ActiveCfg = Release|Any CPU
		{54C03835-CB1D-4145-B293-34C642DD976A}.Release|Any CPU.Build.0 = Release|Any CPU
		{54C03835-CB1D-4145-B293-34C642DD976A}.Release|x64.ActiveCfg = Release|Any CPU
		{54C03835-CB1D-4145-B293-34C642DD976A}.Release|x64.Build.0 = Release|Any CPU
		{54C03835-CB1D-4145-B293-34C642DD976A}.Release|x86.ActiveCfg = Release|Any CPU
		{54C03835-CB1D-4145-B293-34C642DD976A}.Release|x86.Build.0 = Release|Any CPU
		{7E94D2E7-58E2-42CD-93C2-0E8110AB6840}.Debug|Any CPU.ActiveCfg = Debug|Any CPU
		{7E94D2E7-58E2-42CD-93C2-0E8110AB6840}.Debug|Any CPU.Build.0 = Debug|Any CPU
		{7E94D2E7-58E2-42CD-93C2-0E8110AB6840}.Debug|x64.ActiveCfg = Debug|Any CPU
		{7E94D2E7-58E2-42CD-93C2-0E8110AB6840}.Debug|x64.Build.0 = Debug|Any CPU
		{7E94D2E7-58E2-42CD-93C2-0E8110AB6840}.Debug|x86.ActiveCfg = Debug|Any CPU
		{7E94D2E7-58E2-42CD-93C2-0E8110AB6840}.Debug|x86.Build.0 = Debug|Any CPU
		{7E94D2E7-58E2-42CD-93C2-0E8110AB6840}.Release|Any CPU.ActiveCfg = Release|Any CPU
		{7E94D2E7-58E2-42CD-93C2-0E8110AB6840}.Release|Any CPU.Build.0 = Release|Any CPU
		{7E94D2E7-58E2-42CD-93C2-0E8110AB6840}.Release|x64.ActiveCfg = Release|Any CPU
		{7E94D2E7-58E2-42CD-93C2-0E8110AB6840}.Release|x64.Build.0 = Release|Any CPU
		{7E94D2E7-58E2-42CD-93C2-0E8110AB6840}.Release|x86.ActiveCfg = Release|Any CPU
		{7E94D2E7-58E2-42CD-93C2-0E8110AB6840}.Release|x86.Build.0 = Release|Any CPU
		{5534436A-8A7B-470E-829F-7A426AA4563E}.Debug|Any CPU.ActiveCfg = Debug|Any CPU
		{5534436A-8A7B-470E-829F-7A426AA4563E}.Debug|Any CPU.Build.0 = Debug|Any CPU
		{5534436A-8A7B-470E-829F-7A426AA4563E}.Debug|x64.ActiveCfg = Debug|Any CPU
		{5534436A-8A7B-470E-829F-7A426AA4563E}.Debug|x64.Build.0 = Debug|Any CPU
		{5534436A-8A7B-470E-829F-7A426AA4563E}.Debug|x86.ActiveCfg = Debug|Any CPU
		{5534436A-8A7B-470E-829F-7A426AA4563E}.Debug|x86.Build.0 = Debug|Any CPU
		{5534436A-8A7B-470E-829F-7A426AA4563E}.Release|Any CPU.ActiveCfg = Release|Any CPU
		{5534436A-8A7B-470E-829F-7A426AA4563E}.Release|Any CPU.Build.0 = Release|Any CPU
		{5534436A-8A7B-470E-829F-7A426AA4563E}.Release|x64.ActiveCfg = Release|Any CPU
		{5534436A-8A7B-470E-829F-7A426AA4563E}.Release|x64.Build.0 = Release|Any CPU
		{5534436A-8A7B-470E-829F-7A426AA4563E}.Release|x86.ActiveCfg = Release|Any CPU
		{5534436A-8A7B-470E-829F-7A426AA4563E}.Release|x86.Build.0 = Release|Any CPU
		{39C14987-D3E2-4785-93CF-DE93F3446DDA}.Debug|Any CPU.ActiveCfg = Debug|Any CPU
		{39C14987-D3E2-4785-93CF-DE93F3446DDA}.Debug|Any CPU.Build.0 = Debug|Any CPU
		{39C14987-D3E2-4785-93CF-DE93F3446DDA}.Debug|x64.ActiveCfg = Debug|Any CPU
		{39C14987-D3E2-4785-93CF-DE93F3446DDA}.Debug|x64.Build.0 = Debug|Any CPU
		{39C14987-D3E2-4785-93CF-DE93F3446DDA}.Debug|x86.ActiveCfg = Debug|Any CPU
		{39C14987-D3E2-4785-93CF-DE93F3446DDA}.Debug|x86.Build.0 = Debug|Any CPU
		{39C14987-D3E2-4785-93CF-DE93F3446DDA}.Release|Any CPU.ActiveCfg = Release|Any CPU
		{39C14987-D3E2-4785-93CF-DE93F3446DDA}.Release|Any CPU.Build.0 = Release|Any CPU
		{39C14987-D3E2-4785-93CF-DE93F3446DDA}.Release|x64.ActiveCfg = Release|Any CPU
		{39C14987-D3E2-4785-93CF-DE93F3446DDA}.Release|x64.Build.0 = Release|Any CPU
		{39C14987-D3E2-4785-93CF-DE93F3446DDA}.Release|x86.ActiveCfg = Release|Any CPU
		{39C14987-D3E2-4785-93CF-DE93F3446DDA}.Release|x86.Build.0 = Release|Any CPU
		{2277C300-E20F-4065-83C4-00F2A06999E9}.Debug|Any CPU.ActiveCfg = Debug|Any CPU
		{2277C300-E20F-4065-83C4-00F2A06999E9}.Debug|Any CPU.Build.0 = Debug|Any CPU
		{2277C300-E20F-4065-83C4-00F2A06999E9}.Debug|x64.ActiveCfg = Debug|Any CPU
		{2277C300-E20F-4065-83C4-00F2A06999E9}.Debug|x64.Build.0 = Debug|Any CPU
		{2277C300-E20F-4065-83C4-00F2A06999E9}.Debug|x86.ActiveCfg = Debug|Any CPU
		{2277C300-E20F-4065-83C4-00F2A06999E9}.Debug|x86.Build.0 = Debug|Any CPU
		{2277C300-E20F-4065-83C4-00F2A06999E9}.Release|Any CPU.ActiveCfg = Release|Any CPU
		{2277C300-E20F-4065-83C4-00F2A06999E9}.Release|Any CPU.Build.0 = Release|Any CPU
		{2277C300-E20F-4065-83C4-00F2A06999E9}.Release|x64.ActiveCfg = Release|Any CPU
		{2277C300-E20F-4065-83C4-00F2A06999E9}.Release|x64.Build.0 = Release|Any CPU
		{2277C300-E20F-4065-83C4-00F2A06999E9}.Release|x86.ActiveCfg = Release|Any CPU
		{2277C300-E20F-4065-83C4-00F2A06999E9}.Release|x86.Build.0 = Release|Any CPU
		{69CBE8E9-560E-48A5-998C-C97A6C064D91}.Debug|Any CPU.ActiveCfg = Debug|Any CPU
		{69CBE8E9-560E-48A5-998C-C97A6C064D91}.Debug|Any CPU.Build.0 = Debug|Any CPU
		{69CBE8E9-560E-48A5-998C-C97A6C064D91}.Debug|x64.ActiveCfg = Debug|Any CPU
		{69CBE8E9-560E-48A5-998C-C97A6C064D91}.Debug|x64.Build.0 = Debug|Any CPU
		{69CBE8E9-560E-48A5-998C-C97A6C064D91}.Debug|x86.ActiveCfg = Debug|Any CPU
		{69CBE8E9-560E-48A5-998C-C97A6C064D91}.Debug|x86.Build.0 = Debug|Any CPU
		{69CBE8E9-560E-48A5-998C-C97A6C064D91}.Release|Any CPU.ActiveCfg = Release|Any CPU
		{69CBE8E9-560E-48A5-998C-C97A6C064D91}.Release|Any CPU.Build.0 = Release|Any CPU
		{69CBE8E9-560E-48A5-998C-C97A6C064D91}.Release|x64.ActiveCfg = Release|Any CPU
		{69CBE8E9-560E-48A5-998C-C97A6C064D91}.Release|x64.Build.0 = Release|Any CPU
		{69CBE8E9-560E-48A5-998C-C97A6C064D91}.Release|x86.ActiveCfg = Release|Any CPU
		{69CBE8E9-560E-48A5-998C-C97A6C064D91}.Release|x86.Build.0 = Release|Any CPU
		{E5ACC2A0-730E-4ED5-B38F-46026CB00359}.Debug|Any CPU.ActiveCfg = Debug|Any CPU
		{E5ACC2A0-730E-4ED5-B38F-46026CB00359}.Debug|Any CPU.Build.0 = Debug|Any CPU
		{E5ACC2A0-730E-4ED5-B38F-46026CB00359}.Debug|x64.ActiveCfg = Debug|Any CPU
		{E5ACC2A0-730E-4ED5-B38F-46026CB00359}.Debug|x64.Build.0 = Debug|Any CPU
		{E5ACC2A0-730E-4ED5-B38F-46026CB00359}.Debug|x86.ActiveCfg = Debug|Any CPU
		{E5ACC2A0-730E-4ED5-B38F-46026CB00359}.Debug|x86.Build.0 = Debug|Any CPU
		{E5ACC2A0-730E-4ED5-B38F-46026CB00359}.Release|Any CPU.ActiveCfg = Release|Any CPU
		{E5ACC2A0-730E-4ED5-B38F-46026CB00359}.Release|Any CPU.Build.0 = Release|Any CPU
		{E5ACC2A0-730E-4ED5-B38F-46026CB00359}.Release|x64.ActiveCfg = Release|Any CPU
		{E5ACC2A0-730E-4ED5-B38F-46026CB00359}.Release|x64.Build.0 = Release|Any CPU
		{E5ACC2A0-730E-4ED5-B38F-46026CB00359}.Release|x86.ActiveCfg = Release|Any CPU
		{E5ACC2A0-730E-4ED5-B38F-46026CB00359}.Release|x86.Build.0 = Release|Any CPU
		{25617663-DCCD-467C-830A-7728595BC9D2}.Debug|Any CPU.ActiveCfg = Debug|Any CPU
		{25617663-DCCD-467C-830A-7728595BC9D2}.Debug|Any CPU.Build.0 = Debug|Any CPU
		{25617663-DCCD-467C-830A-7728595BC9D2}.Debug|x64.ActiveCfg = Debug|Any CPU
		{25617663-DCCD-467C-830A-7728595BC9D2}.Debug|x64.Build.0 = Debug|Any CPU
		{25617663-DCCD-467C-830A-7728595BC9D2}.Debug|x86.ActiveCfg = Debug|Any CPU
		{25617663-DCCD-467C-830A-7728595BC9D2}.Debug|x86.Build.0 = Debug|Any CPU
		{25617663-DCCD-467C-830A-7728595BC9D2}.Release|Any CPU.ActiveCfg = Release|Any CPU
		{25617663-DCCD-467C-830A-7728595BC9D2}.Release|Any CPU.Build.0 = Release|Any CPU
		{25617663-DCCD-467C-830A-7728595BC9D2}.Release|x64.ActiveCfg = Release|Any CPU
		{25617663-DCCD-467C-830A-7728595BC9D2}.Release|x64.Build.0 = Release|Any CPU
		{25617663-DCCD-467C-830A-7728595BC9D2}.Release|x86.ActiveCfg = Release|Any CPU
		{25617663-DCCD-467C-830A-7728595BC9D2}.Release|x86.Build.0 = Release|Any CPU
		{F78D9B18-33E6-4563-B82F-634B20091356}.Debug|Any CPU.ActiveCfg = Debug|Any CPU
		{F78D9B18-33E6-4563-B82F-634B20091356}.Debug|Any CPU.Build.0 = Debug|Any CPU
		{F78D9B18-33E6-4563-B82F-634B20091356}.Debug|x64.ActiveCfg = Debug|Any CPU
		{F78D9B18-33E6-4563-B82F-634B20091356}.Debug|x64.Build.0 = Debug|Any CPU
		{F78D9B18-33E6-4563-B82F-634B20091356}.Debug|x86.ActiveCfg = Debug|Any CPU
		{F78D9B18-33E6-4563-B82F-634B20091356}.Debug|x86.Build.0 = Debug|Any CPU
		{F78D9B18-33E6-4563-B82F-634B20091356}.Release|Any CPU.ActiveCfg = Release|Any CPU
		{F78D9B18-33E6-4563-B82F-634B20091356}.Release|Any CPU.Build.0 = Release|Any CPU
		{F78D9B18-33E6-4563-B82F-634B20091356}.Release|x64.ActiveCfg = Release|Any CPU
		{F78D9B18-33E6-4563-B82F-634B20091356}.Release|x64.Build.0 = Release|Any CPU
		{F78D9B18-33E6-4563-B82F-634B20091356}.Release|x86.ActiveCfg = Release|Any CPU
		{F78D9B18-33E6-4563-B82F-634B20091356}.Release|x86.Build.0 = Release|Any CPU
		{7E26F397-4B79-44C4-B562-3437A5A5983E}.Debug|Any CPU.ActiveCfg = Debug|Any CPU
		{7E26F397-4B79-44C4-B562-3437A5A5983E}.Debug|Any CPU.Build.0 = Debug|Any CPU
		{7E26F397-4B79-44C4-B562-3437A5A5983E}.Debug|x64.ActiveCfg = Debug|Any CPU
		{7E26F397-4B79-44C4-B562-3437A5A5983E}.Debug|x64.Build.0 = Debug|Any CPU
		{7E26F397-4B79-44C4-B562-3437A5A5983E}.Debug|x86.ActiveCfg = Debug|Any CPU
		{7E26F397-4B79-44C4-B562-3437A5A5983E}.Debug|x86.Build.0 = Debug|Any CPU
		{7E26F397-4B79-44C4-B562-3437A5A5983E}.Release|Any CPU.ActiveCfg = Release|Any CPU
		{7E26F397-4B79-44C4-B562-3437A5A5983E}.Release|Any CPU.Build.0 = Release|Any CPU
		{7E26F397-4B79-44C4-B562-3437A5A5983E}.Release|x64.ActiveCfg = Release|Any CPU
		{7E26F397-4B79-44C4-B562-3437A5A5983E}.Release|x64.Build.0 = Release|Any CPU
		{7E26F397-4B79-44C4-B562-3437A5A5983E}.Release|x86.ActiveCfg = Release|Any CPU
		{7E26F397-4B79-44C4-B562-3437A5A5983E}.Release|x86.Build.0 = Release|Any CPU
	EndGlobalSection
	GlobalSection(NestedProjects) = preSolution
		{D28203EA-F8F2-4FE2-AFBB-B654C87D42C5} = {17A25D83-48B6-4357-B02C-BB94BD73A513}
		{54C03835-CB1D-4145-B293-34C642DD976A} = {17A25D83-48B6-4357-B02C-BB94BD73A513}
		{7E94D2E7-58E2-42CD-93C2-0E8110AB6840} = {17A25D83-48B6-4357-B02C-BB94BD73A513}
		{5534436A-8A7B-470E-829F-7A426AA4563E} = {17A25D83-48B6-4357-B02C-BB94BD73A513}
		{39C14987-D3E2-4785-93CF-DE93F3446DDA} = {17A25D83-48B6-4357-B02C-BB94BD73A513}
		{2277C300-E20F-4065-83C4-00F2A06999E9} = {17A25D83-48B6-4357-B02C-BB94BD73A513}
		{69CBE8E9-560E-48A5-998C-C97A6C064D91} = {17A25D83-48B6-4357-B02C-BB94BD73A513}
		{E5ACC2A0-730E-4ED5-B38F-46026CB00359} = {17A25D83-48B6-4357-B02C-BB94BD73A513}
		{25617663-DCCD-467C-830A-7728595BC9D2} = {17A25D83-48B6-4357-B02C-BB94BD73A513}
		{F78D9B18-33E6-4563-B82F-634B20091356} = {17A25D83-48B6-4357-B02C-BB94BD73A513}
		{7E26F397-4B79-44C4-B562-3437A5A5983E} = {17A25D83-48B6-4357-B02C-BB94BD73A513}
	EndGlobalSection
EndGlobal
